# This file is automatically @generated by Cargo.
# It is not intended for manual editing.
version = 4

[[package]]
name = "aether-backend-llvm"
version = "0.1.0"
dependencies = [
 "aether-frontend",
 "aether-middle",
]

[[package]]
name = "aether-driver"
version = "0.1.0"
dependencies = [
 "aether-backend-llvm",
 "aether-frontend",
 "aether-middle",
]

[[package]]
name = "aether-frontend"
version = "0.1.0"

[[package]]
name = "aether-middle"
version = "0.1.0"
dependencies = [
 "aether-frontend",
]
